// !$*UTF8*$!
{
	archiveVersion = 1;
	classes = {
	};
	objectVersion = 46;
	objects = {

/* Begin PBXBuildFile section */
		4D5718731EE97013003B95D4 /* SeResultViewController.swift in Sources */ = {isa = PBXBuildFile; fileRef = 4D5718721EE97013003B95D4 /* SeResultViewController.swift */; };
		4D83B5871EEE95540063D1E3 /* eventData.csv in Resources */ = {isa = PBXBuildFile; fileRef = 4D83B5861EEE95540063D1E3 /* eventData.csv */; };
		4DAEF2A81EE6CA7B00AC9187 /* AppDelegate.swift in Sources */ = {isa = PBXBuildFile; fileRef = 4DAEF2A71EE6CA7B00AC9187 /* AppDelegate.swift */; };
		4DAEF2AA1EE6CA7B00AC9187 /* ViewController.swift in Sources */ = {isa = PBXBuildFile; fileRef = 4DAEF2A91EE6CA7B00AC9187 /* ViewController.swift */; };
		4DAEF2AD1EE6CA7B00AC9187 /* Main.storyboard in Resources */ = {isa = PBXBuildFile; fileRef = 4DAEF2AB1EE6CA7B00AC9187 /* Main.storyboard */; };
		4DAEF2B01EE6CA7B00AC9187 /* Kaijosai2017.xcdatamodeld in Sources */ = {isa = PBXBuildFile; fileRef = 4DAEF2AE1EE6CA7B00AC9187 /* Kaijosai2017.xcdatamodeld */; };
		4DAEF2B51EE6CA7B00AC9187 /* LaunchScreen.storyboard in Resources */ = {isa = PBXBuildFile; fileRef = 4DAEF2B31EE6CA7B00AC9187 /* LaunchScreen.storyboard */; };
		4DAEF2C01EE6CA7B00AC9187 /* Kaijosai2017Tests.swift in Sources */ = {isa = PBXBuildFile; fileRef = 4DAEF2BF1EE6CA7B00AC9187 /* Kaijosai2017Tests.swift */; };
		4DAEF2CB1EE6CA7B00AC9187 /* Kaijosai2017UITests.swift in Sources */ = {isa = PBXBuildFile; fileRef = 4DAEF2CA1EE6CA7B00AC9187 /* Kaijosai2017UITests.swift */; };
		4DAEF2E11EE6D33E00AC9187 /* Images.xcassets in Resources */ = {isa = PBXBuildFile; fileRef = 4DAEF2E01EE6D33E00AC9187 /* Images.xcassets */; };
		4DB579D41EEFE79E0047D90E /* eventDetailViewController.swift in Sources */ = {isa = PBXBuildFile; fileRef = 4DB579D31EEFE79E0047D90E /* eventDetailViewController.swift */; };
		9F1035CB1F30378100C16E32 /* bookmarks.csv in Resources */ = {isa = PBXBuildFile; fileRef = 9F1035CA1F30378100C16E32 /* bookmarks.csv */; };
		9F1C52E71F603D2700C0CF1F /* sideBarViewController.swift in Sources */ = {isa = PBXBuildFile; fileRef = 9F1C52E61F603D2700C0CF1F /* sideBarViewController.swift */; };
		9F1DE0D31F2F04F20073C3D5 /* bookmarkTableViewController.swift in Sources */ = {isa = PBXBuildFile; fileRef = 9F1DE0D21F2F04F20073C3D5 /* bookmarkTableViewController.swift */; };
		9F38C5531F45962A00F36B45 /* TimeTableViewController.swift in Sources */ = {isa = PBXBuildFile; fileRef = 9F38C5521F45962A00F36B45 /* TimeTableViewController.swift */; };
		9F759B1E1F5AB11200879326 /* floorViewController.swift in Sources */ = {isa = PBXBuildFile; fileRef = 9F759B1D1F5AB11200879326 /* floorViewController.swift */; };
/* End PBXBuildFile section */

/* Begin PBXContainerItemProxy section */
		4DAEF2BC1EE6CA7B00AC9187 /* PBXContainerItemProxy */ = {
			isa = PBXContainerItemProxy;
			containerPortal = 4DAEF29C1EE6CA7B00AC9187 /* Project object */;
			proxyType = 1;
			remoteGlobalIDString = 4DAEF2A31EE6CA7B00AC9187;
			remoteInfo = Kaijosai2017;
		};
		4DAEF2C71EE6CA7B00AC9187 /* PBXContainerItemProxy */ = {
			isa = PBXContainerItemProxy;
			containerPortal = 4DAEF29C1EE6CA7B00AC9187 /* Project object */;
			proxyType = 1;
			remoteGlobalIDString = 4DAEF2A31EE6CA7B00AC9187;
			remoteInfo = Kaijosai2017;
		};
/* End PBXContainerItemProxy section */

/* Begin PBXFileReference section */
		4D5718721EE97013003B95D4 /* SeResultViewController.swift */ = {isa = PBXFileReference; fileEncoding = 4; lastKnownFileType = sourcecode.swift; path = SeResultViewController.swift; sourceTree = "<group>"; };
		4D83B5861EEE95540063D1E3 /* eventData.csv */ = {isa = PBXFileReference; fileEncoding = 4; lastKnownFileType = text; path = eventData.csv; sourceTree = "<group>"; };
		4DAEF2A41EE6CA7B00AC9187 /* Kaijosai2017.app */ = {isa = PBXFileReference; explicitFileType = wrapper.application; includeInIndex = 0; path = Kaijosai2017.app; sourceTree = BUILT_PRODUCTS_DIR; };
		4DAEF2A71EE6CA7B00AC9187 /* AppDelegate.swift */ = {isa = PBXFileReference; lastKnownFileType = sourcecode.swift; path = AppDelegate.swift; sourceTree = "<group>"; };
		4DAEF2A91EE6CA7B00AC9187 /* ViewController.swift */ = {isa = PBXFileReference; lastKnownFileType = sourcecode.swift; path = ViewController.swift; sourceTree = "<group>"; };
		4DAEF2AC1EE6CA7B00AC9187 /* Base */ = {isa = PBXFileReference; lastKnownFileType = file.storyboard; name = Base; path = Base.lproj/Main.storyboard; sourceTree = "<group>"; };
		4DAEF2AF1EE6CA7B00AC9187 /* Kaijosai2017.xcdatamodel */ = {isa = PBXFileReference; lastKnownFileType = wrapper.xcdatamodel; path = Kaijosai2017.xcdatamodel; sourceTree = "<group>"; };
		4DAEF2B41EE6CA7B00AC9187 /* Base */ = {isa = PBXFileReference; lastKnownFileType = file.storyboard; name = Base; path = Base.lproj/LaunchScreen.storyboard; sourceTree = "<group>"; };
		4DAEF2B61EE6CA7B00AC9187 /* Info.plist */ = {isa = PBXFileReference; lastKnownFileType = text.plist.xml; path = Info.plist; sourceTree = "<group>"; };
		4DAEF2BB1EE6CA7B00AC9187 /* Kaijosai2017Tests.xctest */ = {isa = PBXFileReference; explicitFileType = wrapper.cfbundle; includeInIndex = 0; path = Kaijosai2017Tests.xctest; sourceTree = BUILT_PRODUCTS_DIR; };
		4DAEF2BF1EE6CA7B00AC9187 /* Kaijosai2017Tests.swift */ = {isa = PBXFileReference; lastKnownFileType = sourcecode.swift; path = Kaijosai2017Tests.swift; sourceTree = "<group>"; };
		4DAEF2C11EE6CA7B00AC9187 /* Info.plist */ = {isa = PBXFileReference; lastKnownFileType = text.plist.xml; path = Info.plist; sourceTree = "<group>"; };
		4DAEF2C61EE6CA7B00AC9187 /* Kaijosai2017UITests.xctest */ = {isa = PBXFileReference; explicitFileType = wrapper.cfbundle; includeInIndex = 0; path = Kaijosai2017UITests.xctest; sourceTree = BUILT_PRODUCTS_DIR; };
		4DAEF2CA1EE6CA7B00AC9187 /* Kaijosai2017UITests.swift */ = {isa = PBXFileReference; lastKnownFileType = sourcecode.swift; path = Kaijosai2017UITests.swift; sourceTree = "<group>"; };
		4DAEF2CC1EE6CA7B00AC9187 /* Info.plist */ = {isa = PBXFileReference; lastKnownFileType = text.plist.xml; path = Info.plist; sourceTree = "<group>"; };
		4DAEF2E01EE6D33E00AC9187 /* Images.xcassets */ = {isa = PBXFileReference; lastKnownFileType = folder.assetcatalog; path = Images.xcassets; sourceTree = "<group>"; };
		4DB579D31EEFE79E0047D90E /* eventDetailViewController.swift */ = {isa = PBXFileReference; fileEncoding = 4; lastKnownFileType = sourcecode.swift; path = eventDetailViewController.swift; sourceTree = "<group>"; };
		9F1035CA1F30378100C16E32 /* bookmarks.csv */ = {isa = PBXFileReference; fileEncoding = 4; lastKnownFileType = text; path = bookmarks.csv; sourceTree = "<group>"; };
		9F1C52E61F603D2700C0CF1F /* sideBarViewController.swift */ = {isa = PBXFileReference; fileEncoding = 4; lastKnownFileType = sourcecode.swift; path = sideBarViewController.swift; sourceTree = "<group>"; };
		9F1DE0D21F2F04F20073C3D5 /* bookmarkTableViewController.swift */ = {isa = PBXFileReference; fileEncoding = 4; lastKnownFileType = sourcecode.swift; path = bookmarkTableViewController.swift; sourceTree = "<group>"; };
		9F38C5521F45962A00F36B45 /* TimeTableViewController.swift */ = {isa = PBXFileReference; fileEncoding = 4; lastKnownFileType = sourcecode.swift; path = TimeTableViewController.swift; sourceTree = "<group>"; };
		9F759B1D1F5AB11200879326 /* floorViewController.swift */ = {isa = PBXFileReference; fileEncoding = 4; lastKnownFileType = sourcecode.swift; path = floorViewController.swift; sourceTree = "<group>"; };
/* End PBXFileReference section */

/* Begin PBXFrameworksBuildPhase section */
		4DAEF2A11EE6CA7B00AC9187 /* Frameworks */ = {
			isa = PBXFrameworksBuildPhase;
			buildActionMask = 2147483647;
			files = (
			);
			runOnlyForDeploymentPostprocessing = 0;
		};
		4DAEF2B81EE6CA7B00AC9187 /* Frameworks */ = {
			isa = PBXFrameworksBuildPhase;
			buildActionMask = 2147483647;
			files = (
			);
			runOnlyForDeploymentPostprocessing = 0;
		};
		4DAEF2C31EE6CA7B00AC9187 /* Frameworks */ = {
			isa = PBXFrameworksBuildPhase;
			buildActionMask = 2147483647;
			files = (
			);
			runOnlyForDeploymentPostprocessing = 0;
		};
/* End PBXFrameworksBuildPhase section */

/* Begin PBXGroup section */
		4DAEF29B1EE6CA7B00AC9187 = {
			isa = PBXGroup;
			children = (
				4D83B5861EEE95540063D1E3 /* eventData.csv */,
				9F1035CA1F30378100C16E32 /* bookmarks.csv */,
				4DAEF2E01EE6D33E00AC9187 /* Images.xcassets */,
				4DAEF2A61EE6CA7B00AC9187 /* Kaijosai2017 */,
				4DAEF2BE1EE6CA7B00AC9187 /* Kaijosai2017Tests */,
				4DAEF2C91EE6CA7B00AC9187 /* Kaijosai2017UITests */,
				4DAEF2A51EE6CA7B00AC9187 /* Products */,
			);
			sourceTree = "<group>";
		};
		4DAEF2A51EE6CA7B00AC9187 /* Products */ = {
			isa = PBXGroup;
			children = (
				4DAEF2A41EE6CA7B00AC9187 /* Kaijosai2017.app */,
				4DAEF2BB1EE6CA7B00AC9187 /* Kaijosai2017Tests.xctest */,
				4DAEF2C61EE6CA7B00AC9187 /* Kaijosai2017UITests.xctest */,
			);
			name = Products;
			sourceTree = "<group>";
		};
		4DAEF2A61EE6CA7B00AC9187 /* Kaijosai2017 */ = {
			isa = PBXGroup;
			children = (
				9F1DE0D21F2F04F20073C3D5 /* bookmarkTableViewController.swift */,
				4DAEF2A71EE6CA7B00AC9187 /* AppDelegate.swift */,
				4DAEF2A91EE6CA7B00AC9187 /* ViewController.swift */,
				4DAEF2AB1EE6CA7B00AC9187 /* Main.storyboard */,
				9F1C52E61F603D2700C0CF1F /* sideBarViewController.swift */,
				9F759B1D1F5AB11200879326 /* floorViewController.swift */,
				9F38C5521F45962A00F36B45 /* TimeTableViewController.swift */,
				4DB579D31EEFE79E0047D90E /* eventDetailViewController.swift */,
				4D5718721EE97013003B95D4 /* SeResultViewController.swift */,
				4DAEF2B31EE6CA7B00AC9187 /* LaunchScreen.storyboard */,
				4DAEF2B61EE6CA7B00AC9187 /* Info.plist */,
				4DAEF2AE1EE6CA7B00AC9187 /* Kaijosai2017.xcdatamodeld */,
			);
			path = Kaijosai2017;
			sourceTree = "<group>";
		};
		4DAEF2BE1EE6CA7B00AC9187 /* Kaijosai2017Tests */ = {
			isa = PBXGroup;
			children = (
				4DAEF2BF1EE6CA7B00AC9187 /* Kaijosai2017Tests.swift */,
				4DAEF2C11EE6CA7B00AC9187 /* Info.plist */,
			);
			path = Kaijosai2017Tests;
			sourceTree = "<group>";
		};
		4DAEF2C91EE6CA7B00AC9187 /* Kaijosai2017UITests */ = {
			isa = PBXGroup;
			children = (
				4DAEF2CA1EE6CA7B00AC9187 /* Kaijosai2017UITests.swift */,
				4DAEF2CC1EE6CA7B00AC9187 /* Info.plist */,
			);
			path = Kaijosai2017UITests;
			sourceTree = "<group>";
		};
/* End PBXGroup section */

/* Begin PBXNativeTarget section */
		4DAEF2A31EE6CA7B00AC9187 /* Kaijosai2017 */ = {
			isa = PBXNativeTarget;
			buildConfigurationList = 4DAEF2CF1EE6CA7B00AC9187 /* Build configuration list for PBXNativeTarget "Kaijosai2017" */;
			buildPhases = (
				4DAEF2A01EE6CA7B00AC9187 /* Sources */,
				4DAEF2A11EE6CA7B00AC9187 /* Frameworks */,
				4DAEF2A21EE6CA7B00AC9187 /* Resources */,
			);
			buildRules = (
			);
			dependencies = (
			);
			name = Kaijosai2017;
			productName = Kaijosai2017;
			productReference = 4DAEF2A41EE6CA7B00AC9187 /* Kaijosai2017.app */;
			productType = "com.apple.product-type.application";
		};
		4DAEF2BA1EE6CA7B00AC9187 /* Kaijosai2017Tests */ = {
			isa = PBXNativeTarget;
			buildConfigurationList = 4DAEF2D21EE6CA7B00AC9187 /* Build configuration list for PBXNativeTarget "Kaijosai2017Tests" */;
			buildPhases = (
				4DAEF2B71EE6CA7B00AC9187 /* Sources */,
				4DAEF2B81EE6CA7B00AC9187 /* Frameworks */,
				4DAEF2B91EE6CA7B00AC9187 /* Resources */,
			);
			buildRules = (
			);
			dependencies = (
				4DAEF2BD1EE6CA7B00AC9187 /* PBXTargetDependency */,
			);
			name = Kaijosai2017Tests;
			productName = Kaijosai2017Tests;
			productReference = 4DAEF2BB1EE6CA7B00AC9187 /* Kaijosai2017Tests.xctest */;
			productType = "com.apple.product-type.bundle.unit-test";
		};
		4DAEF2C51EE6CA7B00AC9187 /* Kaijosai2017UITests */ = {
			isa = PBXNativeTarget;
			buildConfigurationList = 4DAEF2D51EE6CA7B00AC9187 /* Build configuration list for PBXNativeTarget "Kaijosai2017UITests" */;
			buildPhases = (
				4DAEF2C21EE6CA7B00AC9187 /* Sources */,
				4DAEF2C31EE6CA7B00AC9187 /* Frameworks */,
				4DAEF2C41EE6CA7B00AC9187 /* Resources */,
			);
			buildRules = (
			);
			dependencies = (
				4DAEF2C81EE6CA7B00AC9187 /* PBXTargetDependency */,
			);
			name = Kaijosai2017UITests;
			productName = Kaijosai2017UITests;
			productReference = 4DAEF2C61EE6CA7B00AC9187 /* Kaijosai2017UITests.xctest */;
			productType = "com.apple.product-type.bundle.ui-testing";
		};
/* End PBXNativeTarget section */

/* Begin PBXProject section */
		4DAEF29C1EE6CA7B00AC9187 /* Project object */ = {
			isa = PBXProject;
			attributes = {
				LastSwiftUpdateCheck = 0830;
				LastUpgradeCheck = 0830;
				ORGANIZATIONNAME = bunjitsu.programming;
				TargetAttributes = {
					4DAEF2A31EE6CA7B00AC9187 = {
						CreatedOnToolsVersion = 8.3.2;
						DevelopmentTeam = 3P8N6GC57E;
						ProvisioningStyle = Automatic;
					};
					4DAEF2BA1EE6CA7B00AC9187 = {
						CreatedOnToolsVersion = 8.3.2;
						ProvisioningStyle = Automatic;
						TestTargetID = 4DAEF2A31EE6CA7B00AC9187;
					};
					4DAEF2C51EE6CA7B00AC9187 = {
						CreatedOnToolsVersion = 8.3.2;
						ProvisioningStyle = Automatic;
						TestTargetID = 4DAEF2A31EE6CA7B00AC9187;
					};
				};
			};
			buildConfigurationList = 4DAEF29F1EE6CA7B00AC9187 /* Build configuration list for PBXProject "Kaijosai2017" */;
			compatibilityVersion = "Xcode 3.2";
			developmentRegion = English;
			hasScannedForEncodings = 0;
			knownRegions = (
				en,
				Base,
			);
			mainGroup = 4DAEF29B1EE6CA7B00AC9187;
			productRefGroup = 4DAEF2A51EE6CA7B00AC9187 /* Products */;
			projectDirPath = "";
			projectRoot = "";
			targets = (
				4DAEF2A31EE6CA7B00AC9187 /* Kaijosai2017 */,
				4DAEF2BA1EE6CA7B00AC9187 /* Kaijosai2017Tests */,
				4DAEF2C51EE6CA7B00AC9187 /* Kaijosai2017UITests */,
			);
		};
/* End PBXProject section */

/* Begin PBXResourcesBuildPhase section */
		4DAEF2A21EE6CA7B00AC9187 /* Resources */ = {
			isa = PBXResourcesBuildPhase;
			buildActionMask = 2147483647;
			files = (
				4DAEF2B51EE6CA7B00AC9187 /* LaunchScreen.storyboard in Resources */,
				4DAEF2E11EE6D33E00AC9187 /* Images.xcassets in Resources */,
				4DAEF2AD1EE6CA7B00AC9187 /* Main.storyboard in Resources */,
				9F1035CB1F30378100C16E32 /* bookmarks.csv in Resources */,
				4D83B5871EEE95540063D1E3 /* eventData.csv in Resources */,
			);
			runOnlyForDeploymentPostprocessing = 0;
		};
		4DAEF2B91EE6CA7B00AC9187 /* Resources */ = {
			isa = PBXResourcesBuildPhase;
			buildActionMask = 2147483647;
			files = (
			);
			runOnlyForDeploymentPostprocessing = 0;
		};
		4DAEF2C41EE6CA7B00AC9187 /* Resources */ = {
			isa = PBXResourcesBuildPhase;
			buildActionMask = 2147483647;
			files = (
			);
			runOnlyForDeploymentPostprocessing = 0;
		};
/* End PBXResourcesBuildPhase section */

/* Begin PBXSourcesBuildPhase section */
		4DAEF2A01EE6CA7B00AC9187 /* Sources */ = {
			isa = PBXSourcesBuildPhase;
			buildActionMask = 2147483647;
			files = (
				9F38C5531F45962A00F36B45 /* TimeTableViewController.swift in Sources */,
				4DAEF2AA1EE6CA7B00AC9187 /* ViewController.swift in Sources */,
				4D5718731EE97013003B95D4 /* SeResultViewController.swift in Sources */,
				9F1C52E71F603D2700C0CF1F /* sideBarViewController.swift in Sources */,
				4DAEF2A81EE6CA7B00AC9187 /* AppDelegate.swift in Sources */,
				9F1DE0D31F2F04F20073C3D5 /* bookmarkTableViewController.swift in Sources */,
				9F759B1E1F5AB11200879326 /* floorViewController.swift in Sources */,
				4DAEF2B01EE6CA7B00AC9187 /* Kaijosai2017.xcdatamodeld in Sources */,
				4DB579D41EEFE79E0047D90E /* eventDetailViewController.swift in Sources */,
			);
			runOnlyForDeploymentPostprocessing = 0;
		};
		4DAEF2B71EE6CA7B00AC9187 /* Sources */ = {
			isa = PBXSourcesBuildPhase;
			buildActionMask = 2147483647;
			files = (
				4DAEF2C01EE6CA7B00AC9187 /* Kaijosai2017Tests.swift in Sources */,
			);
			runOnlyForDeploymentPostprocessing = 0;
		};
		4DAEF2C21EE6CA7B00AC9187 /* Sources */ = {
			isa = PBXSourcesBuildPhase;
			buildActionMask = 2147483647;
			files = (
				4DAEF2CB1EE6CA7B00AC9187 /* Kaijosai2017UITests.swift in Sources */,
			);
			runOnlyForDeploymentPostprocessing = 0;
		};
/* End PBXSourcesBuildPhase section */

/* Begin PBXTargetDependency section */
		4DAEF2BD1EE6CA7B00AC9187 /* PBXTargetDependency */ = {
			isa = PBXTargetDependency;
			target = 4DAEF2A31EE6CA7B00AC9187 /* Kaijosai2017 */;
			targetProxy = 4DAEF2BC1EE6CA7B00AC9187 /* PBXContainerItemProxy */;
		};
		4DAEF2C81EE6CA7B00AC9187 /* PBXTargetDependency */ = {
			isa = PBXTargetDependency;
			target = 4DAEF2A31EE6CA7B00AC9187 /* Kaijosai2017 */;
			targetProxy = 4DAEF2C71EE6CA7B00AC9187 /* PBXContainerItemProxy */;
		};
/* End PBXTargetDependency section */

/* Begin PBXVariantGroup section */
		4DAEF2AB1EE6CA7B00AC9187 /* Main.storyboard */ = {
			isa = PBXVariantGroup;
			children = (
				4DAEF2AC1EE6CA7B00AC9187 /* Base */,
			);
			name = Main.storyboard;
			sourceTree = "<group>";
		};
		4DAEF2B31EE6CA7B00AC9187 /* LaunchScreen.storyboard */ = {
			isa = PBXVariantGroup;
			children = (
				4DAEF2B41EE6CA7B00AC9187 /* Base */,
			);
			name = LaunchScreen.storyboard;
			sourceTree = "<group>";
		};
/* End PBXVariantGroup section */

/* Begin XCBuildConfiguration section */
		4DAEF2CD1EE6CA7B00AC9187 /* Debug */ = {
			isa = XCBuildConfiguration;
			buildSettings = {
				ALWAYS_SEARCH_USER_PATHS = NO;
				CLANG_ANALYZER_NONNULL = YES;
				CLANG_ANALYZER_NUMBER_OBJECT_CONVERSION = YES_AGGRESSIVE;
				CLANG_CXX_LANGUAGE_STANDARD = "gnu++0x";
				CLANG_CXX_LIBRARY = "libc++";
				CLANG_ENABLE_MODULES = YES;
				CLANG_ENABLE_OBJC_ARC = YES;
				CLANG_WARN_BOOL_CONVERSION = YES;
				CLANG_WARN_CONSTANT_CONVERSION = YES;
				CLANG_WARN_DIRECT_OBJC_ISA_USAGE = YES_ERROR;
				CLANG_WARN_DOCUMENTATION_COMMENTS = YES;
				CLANG_WARN_EMPTY_BODY = YES;
				CLANG_WARN_ENUM_CONVERSION = YES;
				CLANG_WARN_INFINITE_RECURSION = YES;
				CLANG_WARN_INT_CONVERSION = YES;
				CLANG_WARN_OBJC_ROOT_CLASS = YES_ERROR;
				CLANG_WARN_SUSPICIOUS_MOVE = YES;
				CLANG_WARN_UNREACHABLE_CODE = YES;
				CLANG_WARN__DUPLICATE_METHOD_MATCH = YES;
				"CODE_SIGN_IDENTITY[sdk=iphoneos*]" = "iPhone Developer";
				COPY_PHASE_STRIP = NO;
				DEBUG_INFORMATION_FORMAT = dwarf;
				ENABLE_STRICT_OBJC_MSGSEND = YES;
				ENABLE_TESTABILITY = YES;
				GCC_C_LANGUAGE_STANDARD = gnu99;
				GCC_DYNAMIC_NO_PIC = NO;
				GCC_NO_COMMON_BLOCKS = YES;
				GCC_OPTIMIZATION_LEVEL = 0;
				GCC_PREPROCESSOR_DEFINITIONS = (
					"DEBUG=1",
					"$(inherited)",
				);
				GCC_WARN_64_TO_32_BIT_CONVERSION = YES;
				GCC_WARN_ABOUT_RETURN_TYPE = YES_ERROR;
				GCC_WARN_UNDECLARED_SELECTOR = YES;
				GCC_WARN_UNINITIALIZED_AUTOS = YES_AGGRESSIVE;
				GCC_WARN_UNUSED_FUNCTION = YES;
				GCC_WARN_UNUSED_VARIABLE = YES;
				IPHONEOS_DEPLOYMENT_TARGET = 10.3;
				MTL_ENABLE_DEBUG_INFO = YES;
				ONLY_ACTIVE_ARCH = YES;
				SDKROOT = iphoneos;
				SWIFT_ACTIVE_COMPILATION_CONDITIONS = DEBUG;
				SWIFT_OPTIMIZATION_LEVEL = "-Onone";
				TARGETED_DEVICE_FAMILY = "1,2";
			};
			name = Debug;
		};
		4DAEF2CE1EE6CA7B00AC9187 /* Release */ = {
			isa = XCBuildConfiguration;
			buildSettings = {
				ALWAYS_SEARCH_USER_PATHS = NO;
				CLANG_ANALYZER_NONNULL = YES;
				CLANG_ANALYZER_NUMBER_OBJECT_CONVERSION = YES_AGGRESSIVE;
				CLANG_CXX_LANGUAGE_STANDARD = "gnu++0x";
				CLANG_CXX_LIBRARY = "libc++";
				CLANG_ENABLE_MODULES = YES;
				CLANG_ENABLE_OBJC_ARC = YES;
				CLANG_WARN_BOOL_CONVERSION = YES;
				CLANG_WARN_CONSTANT_CONVERSION = YES;
				CLANG_WARN_DIRECT_OBJC_ISA_USAGE = YES_ERROR;
				CLANG_WARN_DOCUMENTATION_COMMENTS = YES;
				CLANG_WARN_EMPTY_BODY = YES;
				CLANG_WARN_ENUM_CONVERSION = YES;
				CLANG_WARN_INFINITE_RECURSION = YES;
				CLANG_WARN_INT_CONVERSION = YES;
				CLANG_WARN_OBJC_ROOT_CLASS = YES_ERROR;
				CLANG_WARN_SUSPICIOUS_MOVE = YES;
				CLANG_WARN_UNREACHABLE_CODE = YES;
				CLANG_WARN__DUPLICATE_METHOD_MATCH = YES;
				"CODE_SIGN_IDENTITY[sdk=iphoneos*]" = "iPhone Developer";
				COPY_PHASE_STRIP = NO;
				DEBUG_INFORMATION_FORMAT = "dwarf-with-dsym";
				ENABLE_NS_ASSERTIONS = NO;
				ENABLE_STRICT_OBJC_MSGSEND = YES;
				GCC_C_LANGUAGE_STANDARD = gnu99;
				GCC_NO_COMMON_BLOCKS = YES;
				GCC_WARN_64_TO_32_BIT_CONVERSION = YES;
				GCC_WARN_ABOUT_RETURN_TYPE = YES_ERROR;
				GCC_WARN_UNDECLARED_SELECTOR = YES;
				GCC_WARN_UNINITIALIZED_AUTOS = YES_AGGRESSIVE;
				GCC_WARN_UNUSED_FUNCTION = YES;
				GCC_WARN_UNUSED_VARIABLE = YES;
				IPHONEOS_DEPLOYMENT_TARGET = 10.3;
				MTL_ENABLE_DEBUG_INFO = NO;
				SDKROOT = iphoneos;
				SWIFT_OPTIMIZATION_LEVEL = "-Owholemodule";
				TARGETED_DEVICE_FAMILY = "1,2";
				VALIDATE_PRODUCT = YES;
			};
			name = Release;
		};
		4DAEF2D01EE6CA7B00AC9187 /* Debug */ = {
			isa = XCBuildConfiguration;
			buildSettings = {
				ASSETCATALOG_COMPILER_APPICON_NAME = AppIcon;
				DEVELOPMENT_TEAM = 3P8N6GC57E;
				INFOPLIST_FILE = Kaijosai2017/Info.plist;
				LD_RUNPATH_SEARCH_PATHS = "$(inherited) @executable_path/Frameworks";
				PRODUCT_BUNDLE_IDENTIFIER = com.programming.bunjitsu.Kaijosai2017;
				PRODUCT_NAME = "$(TARGET_NAME)";
				SWIFT_VERSION = 3.0;
			};
			name = Debug;
		};
		4DAEF2D11EE6CA7B00AC9187 /* Release */ = {
			isa = XCBuildConfiguration;
			buildSettings = {
				ASSETCATALOG_COMPILER_APPICON_NAME = AppIcon;
				DEVELOPMENT_TEAM = 3P8N6GC57E;
				INFOPLIST_FILE = Kaijosai2017/Info.plist;
				LD_RUNPATH_SEARCH_PATHS = "$(inherited) @executable_path/Frameworks";
				PRODUCT_BUNDLE_IDENTIFIER = com.programming.bunjitsu.Kaijosai2017;
				PRODUCT_NAME = "$(TARGET_NAME)";
				SWIFT_VERSION = 3.0;
			};
			name = Release;
		};
		4DAEF2D31EE6CA7B00AC9187 /* Debug */ = {
			isa = XCBuildConfiguration;
			buildSettings = {
				ALWAYS_EMBED_SWIFT_STANDARD_LIBRARIES = YES;
				BUNDLE_LOADER = "$(TEST_HOST)";
				INFOPLIST_FILE = Kaijosai2017Tests/Info.plist;
				LD_RUNPATH_SEARCH_PATHS = "$(inherited) @executable_path/Frameworks @loader_path/Frameworks";
				PRODUCT_BUNDLE_IDENTIFIER = com.programming.bunjitsu.Kaijosai2017Tests;
				PRODUCT_NAME = "$(TARGET_NAME)";
				SWIFT_VERSION = 3.0;
				TEST_HOST = "$(BUILT_PRODUCTS_DIR)/Kaijosai2017.app/Kaijosai2017";
			};
			name = Debug;
		};
		4DAEF2D41EE6CA7B00AC9187 /* Release */ = {
			isa = XCBuildConfiguration;
			buildSettings = {
				ALWAYS_EMBED_SWIFT_STANDARD_LIBRARIES = YES;
				BUNDLE_LOADER = "$(TEST_HOST)";
				INFOPLIST_FILE = Kaijosai2017Tests/Info.plist;
				LD_RUNPATH_SEARCH_PATHS = "$(inherited) @executable_path/Frameworks @loader_path/Frameworks";
				PRODUCT_BUNDLE_IDENTIFIER = com.programming.bunjitsu.Kaijosai2017Tests;
				PRODUCT_NAME = "$(TARGET_NAME)";
				SWIFT_VERSION = 3.0;
				TEST_HOST = "$(BUILT_PRODUCTS_DIR)/Kaijosai2017.app/Kaijosai2017";
			};
			name = Release;
		};
		4DAEF2D61EE6CA7B00AC9187 /* Debug */ = {
			isa = XCBuildConfiguration;
			buildSettings = {
				ALWAYS_EMBED_SWIFT_STANDARD_LIBRARIES = YES;
				INFOPLIST_FILE = Kaijosai2017UITests/Info.plist;
				LD_RUNPATH_SEARCH_PATHS = "$(inherited) @executable_path/Frameworks @loader_path/Frameworks";
				PRODUCT_BUNDLE_IDENTIFIER = com.programming.bunjitsu.Kaijosai2017UITests;
				PRODUCT_NAME = "$(TARGET_NAME)";
				SWIFT_VERSION = 3.0;
				TEST_TARGET_NAME = Kaijosai2017;
			};
			name = Debug;
		};
		4DAEF2D71EE6CA7B00AC9187 /* Release */ = {
			isa = XCBuildConfiguration;
			buildSettings = {
				ALWAYS_EMBED_SWIFT_STANDARD_LIBRARIES = YES;
				INFOPLIST_FILE = Kaijosai2017UITests/Info.plist;
				LD_RUNPATH_SEARCH_PATHS = "$(inherited) @executable_path/Frameworks @loader_path/Frameworks";
				PRODUCT_BUNDLE_IDENTIFIER = com.programming.bunjitsu.Kaijosai2017UITests;
				PRODUCT_NAME = "$(TARGET_NAME)";
				SWIFT_VERSION = 3.0;
				TEST_TARGET_NAME = Kaijosai2017;
			};
			name = Release;
		};
/* End XCBuildConfiguration section */

/* Begin XCConfigurationList section */
		4DAEF29F1EE6CA7B00AC9187 /* Build configuration list for PBXProject "Kaijosai2017" */ = {
			isa = XCConfigurationList;
			buildConfigurations = (
				4DAEF2CD1EE6CA7B00AC9187 /* Debug */,
				4DAEF2CE1EE6CA7B00AC9187 /* Release */,
			);
			defaultConfigurationIsVisible = 0;
			defaultConfigurationName = Release;
		};
		4DAEF2CF1EE6CA7B00AC9187 /* Build configuration list for PBXNativeTarget "Kaijosai2017" */ = {
			isa = XCConfigurationList;
			buildConfigurations = (
				4DAEF2D01EE6CA7B00AC9187 /* Debug */,
				4DAEF2D11EE6CA7B00AC9187 /* Release */,
			);
			defaultConfigurationIsVisible = 0;
			defaultConfigurationName = Release;
		};
		4DAEF2D21EE6CA7B00AC9187 /* Build configuration list for PBXNativeTarget "Kaijosai2017Tests" */ = {
			isa = XCConfigurationList;
			buildConfigurations = (
				4DAEF2D31EE6CA7B00AC9187 /* Debug */,
				4DAEF2D41EE6CA7B00AC9187 /* Release */,
			);
			defaultConfigurationIsVisible = 0;
			defaultConfigurationName = Release;
		};
		4DAEF2D51EE6CA7B00AC9187 /* Build configuration list for PBXNativeTarget "Kaijosai2017UITests" */ = {
			isa = XCConfigurationList;
			buildConfigurations = (
				4DAEF2D61EE6CA7B00AC9187 /* Debug */,
				4DAEF2D71EE6CA7B00AC9187 /* Release */,
			);
			defaultConfigurationIsVisible = 0;
			defaultConfigurationName = Release;
		};
/* End XCConfigurationList section */

/* Begin XCVersionGroup section */
		4DAEF2AE1EE6CA7B00AC9187 /* Kaijosai2017.xcdatamodeld */ = {
			isa = XCVersionGroup;
			children = (
				4DAEF2AF1EE6CA7B00AC9187 /* Kaijosai2017.xcdatamodel */,
			);
			currentVersion = 4DAEF2AF1EE6CA7B00AC9187 /* Kaijosai2017.xcdatamodel */;
			path = Kaijosai2017.xcdatamodeld;
			sourceTree = "<group>";
			versionGroupType = wrapper.xcdatamodel;
		};
/* End XCVersionGroup section */
	};
	rootObject = 4DAEF29C1EE6CA7B00AC9187 /* Project object */;
}
